<?xml version="1.0" encoding="utf-8"?>
<Project ToolsVersion="4.0" xmlns="http://schemas.microsoft.com/developer/msbuild/2003">
  <ItemGroup>
    <Filter Include="소스 파일">
      <UniqueIdentifier>{4FC737F1-C7A5-4376-A066-2A32D752A2FF}</UniqueIdentifier>
      <Extensions>cpp;c;cc;cxx;def;odl;idl;hpj;bat;asm;asmx</Extensions>
    </Filter>
    <Filter Include="헤더 파일">
      <UniqueIdentifier>{93995380-89BD-4b04-88EB-625FBE52EBFB}</UniqueIdentifier>
      <Extensions>h;hh;hpp;hxx;hm;inl;inc;ipp;xsd</Extensions>
    </Filter>
    <Filter Include="리소스 파일">
      <UniqueIdentifier>{67DA6AB6-F800-4c08-8B7A-83BB121AAD01}</UniqueIdentifier>
      <Extensions>rc;ico;cur;bmp;dlg;rc2;rct;bin;rgs;gif;jpg;jpeg;jpe;resx;tiff;tif;png;wav;mfcribbon-ms</Extensions>
    </Filter>
    <Filter Include="소스 파일\GameObject">
      <UniqueIdentifier>{aef0f9dd-4e4d-42e7-aa06-a22b5d9af3e6}</UniqueIdentifier>
    </Filter>
    <Filter Include="소스 파일\Manager">
      <UniqueIdentifier>{4e602cf0-1a91-4cdc-ba49-4e96557c6591}</UniqueIdentifier>
    </Filter>
    <Filter Include="소스 파일\Component">
      <UniqueIdentifier>{87b04970-bbc4-4952-9168-e353f1134722}</UniqueIdentifier>
    </Filter>
    <Filter Include="소스 파일\GameObject\Base">
      <UniqueIdentifier>{2b548714-3eab-4c42-8ed2-884e5a7a1606}</UniqueIdentifier>
    </Filter>
    <Filter Include="소스 파일\Main">
      <UniqueIdentifier>{d5818bda-e8fe-4dbf-82a0-80b27ebfa813}</UniqueIdentifier>
    </Filter>
    <Filter Include="소스 파일\GameObject\Bullet">
      <UniqueIdentifier>{198c0ea5-6be5-4bd6-8385-7c927f829543}</UniqueIdentifier>
    </Filter>
    <Filter Include="소스 파일\GameObject\Monster">
      <UniqueIdentifier>{d392aece-143b-4b7c-a209-e75daff73a2c}</UniqueIdentifier>
    </Filter>
    <Filter Include="소스 파일\GameObject\Monster\Base">
      <UniqueIdentifier>{2b537e45-2fbc-4b35-b6a6-df305209c2f1}</UniqueIdentifier>
    </Filter>
    <Filter Include="소스 파일\GameObject\Main">
      <UniqueIdentifier>{69d25559-1df6-4f4a-a948-96e7c47018a2}</UniqueIdentifier>
    </Filter>
  </ItemGroup>
  <ItemGroup>
    <ClInclude Include="targetver.h">
      <Filter>헤더 파일</Filter>
    </ClInclude>
    <ClInclude Include="Resource.h">
      <Filter>헤더 파일</Filter>
    </ClInclude>
    <ClInclude Include="GrapicManager.h">
      <Filter>헤더 파일</Filter>
    </ClInclude>
    <ClInclude Include="GameObject.h">
      <Filter>헤더 파일</Filter>
    </ClInclude>
    <ClInclude Include="ObjectManager.h">
      <Filter>헤더 파일</Filter>
    </ClInclude>
    <ClInclude Include="TextureManager.h">
      <Filter>헤더 파일</Filter>
    </ClInclude>
    <ClInclude Include="TextureInfo.h">
      <Filter>헤더 파일</Filter>
    </ClInclude>
    <ClInclude Include="BoxCollider.h">
      <Filter>헤더 파일</Filter>
    </ClInclude>
    <ClInclude Include="Player.h">
      <Filter>헤더 파일</Filter>
    </ClInclude>
    <ClInclude Include="Camera.h">
      <Filter>헤더 파일</Filter>
    </ClInclude>
    <ClInclude Include="ASD.h">
      <Filter>헤더 파일</Filter>
    </ClInclude>
    <ClInclude Include="Block.h">
      <Filter>헤더 파일</Filter>
    </ClInclude>
    <ClInclude Include="SceneManager.h">
      <Filter>헤더 파일</Filter>
    </ClInclude>
    <ClInclude Include="SoundManager.h">
      <Filter>헤더 파일</Filter>
    </ClInclude>
    <ClInclude Include="Text.h">
      <Filter>헤더 파일</Filter>
    </ClInclude>
    <ClInclude Include="UIText.h">
      <Filter>헤더 파일</Filter>
    </ClInclude>
    <ClInclude Include="Tank.h">
      <Filter>헤더 파일</Filter>
    </ClInclude>
    <ClInclude Include="UIImage.h">
      <Filter>헤더 파일</Filter>
    </ClInclude>
    <ClInclude Include="DUCK9Engine2.h">
      <Filter>헤더 파일</Filter>
    </ClInclude>
    <ClInclude Include="Layer.h">
      <Filter>헤더 파일</Filter>
    </ClInclude>
    <ClInclude Include="stdafx.h">
      <Filter>소스 파일\Main</Filter>
    </ClInclude>
    <ClInclude Include="BackGround.h">
      <Filter>헤더 파일</Filter>
    </ClInclude>
    <ClInclude Include="Bullet.h">
      <Filter>헤더 파일</Filter>
    </ClInclude>
    <ClInclude Include="MonsterParent.h">
      <Filter>헤더 파일</Filter>
    </ClInclude>
    <ClInclude Include="GameManager.h">
      <Filter>헤더 파일</Filter>
    </ClInclude>
    <ClInclude Include="Effect.h">
      <Filter>헤더 파일</Filter>
    </ClInclude>
    <ClInclude Include="MainMenu.h">
      <Filter>헤더 파일</Filter>
    </ClInclude>
    <ClInclude Include="Intro.h">
      <Filter>헤더 파일</Filter>
    </ClInclude>
    <ClInclude Include="Ending.h">
      <Filter>헤더 파일</Filter>
    </ClInclude>
    <ClInclude Include="Option.h">
      <Filter>헤더 파일</Filter>
    </ClInclude>
    <ClInclude Include="PhanClose.h">
      <Filter>헤더 파일</Filter>
    </ClInclude>
    <ClInclude Include="PhanOpen.h">
      <Filter>헤더 파일</Filter>
    </ClInclude>
    <ClInclude Include="Enemy1.h">
      <Filter>헤더 파일</Filter>
    </ClInclude>
    <ClInclude Include="EnemyBullet.h">
      <Filter>헤더 파일</Filter>
    </ClInclude>
    <ClInclude Include="SmallBlock.h">
      <Filter>헤더 파일</Filter>
    </ClInclude>
    <ClInclude Include="YouDie.h">
      <Filter>헤더 파일</Filter>
    </ClInclude>
    <ClInclude Include="GameUI.h">
      <Filter>헤더 파일</Filter>
    </ClInclude>
    <ClInclude Include="YouWin.h">
      <Filter>헤더 파일</Filter>
    </ClInclude>
  </ItemGroup>
  <ItemGroup>
    <ClCompile Include="ObjectManager.cpp">
      <Filter>소스 파일\Manager</Filter>
    </ClCompile>
    <ClCompile Include="GrapicManager.cpp">
      <Filter>소스 파일\Manager</Filter>
    </ClCompile>
    <ClCompile Include="TextureManager.cpp">
      <Filter>소스 파일\Manager</Filter>
    </ClCompile>
    <ClCompile Include="TextureInfo.cpp">
      <Filter>소스 파일\Component</Filter>
    </ClCompile>
    <ClCompile Include="BoxCollider.cpp">
      <Filter>소스 파일\Component</Filter>
    </ClCompile>
    <ClCompile Include="Player.cpp">
      <Filter>소스 파일\GameObject</Filter>
    </ClCompile>
    <ClCompile Include="Camera.cpp">
      <Filter>소스 파일\Manager</Filter>
    </ClCompile>
    <ClCompile Include="GameObject.cpp">
      <Filter>소스 파일\GameObject\Base</Filter>
    </ClCompile>
    <ClCompile Include="ASD.cpp">
      <Filter>소스 파일\GameObject</Filter>
    </ClCompile>
    <ClCompile Include="Block.cpp">
      <Filter>소스 파일\GameObject</Filter>
    </ClCompile>
    <ClCompile Include="SceneManager.cpp">
      <Filter>소스 파일\Manager</Filter>
    </ClCompile>
    <ClCompile Include="SoundManager.cpp">
      <Filter>소스 파일\Manager</Filter>
    </ClCompile>
    <ClCompile Include="Text.cpp">
      <Filter>소스 파일\GameObject\Base</Filter>
    </ClCompile>
    <ClCompile Include="UIText.cpp">
      <Filter>소스 파일\GameObject\Base</Filter>
    </ClCompile>
    <ClCompile Include="Tank.cpp">
      <Filter>소스 파일\GameObject</Filter>
    </ClCompile>
    <ClCompile Include="UIImage.cpp">
      <Filter>소스 파일\GameObject</Filter>
    </ClCompile>
    <ClCompile Include="DUCK9Engine2.cpp">
      <Filter>소스 파일\Main</Filter>
    </ClCompile>
    <ClCompile Include="Layer.cpp">
      <Filter>소스 파일\Manager</Filter>
    </ClCompile>
    <ClCompile Include="stdafx.cpp">
      <Filter>헤더 파일</Filter>
    </ClCompile>
    <ClCompile Include="BackGround.cpp">
      <Filter>소스 파일\GameObject</Filter>
    </ClCompile>
    <ClCompile Include="Bullet.cpp">
      <Filter>소스 파일\GameObject\Bullet</Filter>
    </ClCompile>
    <ClCompile Include="MonsterParent.cpp">
      <Filter>소스 파일\GameObject\Monster\Base</Filter>
    </ClCompile>
    <ClCompile Include="GameManager.cpp">
      <Filter>소스 파일\Manager</Filter>
    </ClCompile>
    <ClCompile Include="Effect.cpp">
      <Filter>소스 파일\GameObject</Filter>
    </ClCompile>
    <ClCompile Include="MainMenu.cpp">
      <Filter>소스 파일\GameObject\Main</Filter>
    </ClCompile>
    <ClCompile Include="Intro.cpp">
      <Filter>소스 파일\GameObject\Main</Filter>
    </ClCompile>
    <ClCompile Include="Ending.cpp">
      <Filter>소스 파일\GameObject\Main</Filter>
    </ClCompile>
    <ClCompile Include="Option.cpp">
      <Filter>소스 파일\GameObject\Main</Filter>
    </ClCompile>
    <ClCompile Include="PhanClose.cpp">
      <Filter>소스 파일</Filter>
    </ClCompile>
    <ClCompile Include="PhanOpen.cpp">
      <Filter>소스 파일</Filter>
    </ClCompile>
    <ClCompile Include="Enemy1.cpp">
      <Filter>소스 파일\GameObject\Monster</Filter>
    </ClCompile>
    <ClCompile Include="SmallBlock.cpp">
      <Filter>소스 파일\GameObject</Filter>
    </ClCompile>
    <ClCompile Include="YouDie.cpp">
      <Filter>소스 파일\GameObject</Filter>
    </ClCompile>
    <ClCompile Include="GameUI.cpp">
      <Filter>소스 파일</Filter>
    </ClCompile>
    <ClCompile Include="EnemyBullet.cpp">
      <Filter>소스 파일\GameObject\Bullet</Filter>
    </ClCompile>
    <ClCompile Include="YouWin.cpp">
      <Filter>소스 파일\GameObject</Filter>
    </ClCompile>
  </ItemGroup>
  <ItemGroup>
    <ResourceCompile Include="EngineTry2.rc">
      <Filter>리소스 파일</Filter>
    </ResourceCompile>
  </ItemGroup>
  <ItemGroup>
    <Image Include="small.ico">
      <Filter>리소스 파일</Filter>
    </Image>
    <Image Include="EngineTry2.ico">
      <Filter>리소스 파일</Filter>
    </Image>
  </ItemGroup>
</Project>